// !$*UTF8*$!
{
	archiveVersion = 1;
	classes = {
	};
	objectVersion = 56;
	objects = {

/* Begin PBXBuildFile section */
		EC5280862BB01F5400A59A9D /* SnapKit in Frameworks */ = {isa = PBXBuildFile; productRef = EC5280852BB01F5400A59A9D /* SnapKit */; };
		EC5280882BB01F5400A59A9D /* SnapKit-Dynamic in Frameworks */ = {isa = PBXBuildFile; productRef = EC5280872BB01F5400A59A9D /* SnapKit-Dynamic */; };
		EC52808B2BB0210D00A59A9D /* RxFlow in Frameworks */ = {isa = PBXBuildFile; productRef = EC52808A2BB0210D00A59A9D /* RxFlow */; };
		EC52808E2BB021C800A59A9D /* AppFlow.swift in Sources */ = {isa = PBXBuildFile; fileRef = EC52808D2BB021C800A59A9D /* AppFlow.swift */; };
		EC5280912BB0246800A59A9D /* StartScreenViewController.swift in Sources */ = {isa = PBXBuildFile; fileRef = EC5280902BB0246800A59A9D /* StartScreenViewController.swift */; };
		EC5280942BB045A800A59A9D /* AuthorisationFlow.swift in Sources */ = {isa = PBXBuildFile; fileRef = EC5280932BB045A800A59A9D /* AuthorisationFlow.swift */; };
		EC5280962BB0468900A59A9D /* AuthorisationViewController.swift in Sources */ = {isa = PBXBuildFile; fileRef = EC5280952BB0468900A59A9D /* AuthorisationViewController.swift */; };
		EC5280992BB0495500A59A9D /* MainFlow.swift in Sources */ = {isa = PBXBuildFile; fileRef = EC5280982BB0495500A59A9D /* MainFlow.swift */; };
		EC52809B2BB04EB700A59A9D /* StartScreenViewModel.swift in Sources */ = {isa = PBXBuildFile; fileRef = EC52809A2BB04EB700A59A9D /* StartScreenViewModel.swift */; };
		ECF6D53F2BB01551000AC911 /* AppDelegate.swift in Sources */ = {isa = PBXBuildFile; fileRef = ECF6D53E2BB01551000AC911 /* AppDelegate.swift */; };
		ECF6D5412BB01551000AC911 /* SceneDelegate.swift in Sources */ = {isa = PBXBuildFile; fileRef = ECF6D5402BB01551000AC911 /* SceneDelegate.swift */; };
		ECF6D5432BB01551000AC911 /* HomeViewController.swift in Sources */ = {isa = PBXBuildFile; fileRef = ECF6D5422BB01551000AC911 /* HomeViewController.swift */; };
		ECF6D5482BB01553000AC911 /* Assets.xcassets in Resources */ = {isa = PBXBuildFile; fileRef = ECF6D5472BB01553000AC911 /* Assets.xcassets */; };
		ECF6D54B2BB01553000AC911 /* LaunchScreen.storyboard in Resources */ = {isa = PBXBuildFile; fileRef = ECF6D5492BB01553000AC911 /* LaunchScreen.storyboard */; };
/* End PBXBuildFile section */

/* Begin PBXFileReference section */
		EC52808D2BB021C800A59A9D /* AppFlow.swift */ = {isa = PBXFileReference; lastKnownFileType = sourcecode.swift; path = AppFlow.swift; sourceTree = "<group>"; };
		EC5280902BB0246800A59A9D /* StartScreenViewController.swift */ = {isa = PBXFileReference; lastKnownFileType = sourcecode.swift; path = StartScreenViewController.swift; sourceTree = "<group>"; };
		EC5280932BB045A800A59A9D /* AuthorisationFlow.swift */ = {isa = PBXFileReference; lastKnownFileType = sourcecode.swift; path = AuthorisationFlow.swift; sourceTree = "<group>"; };
		EC5280952BB0468900A59A9D /* AuthorisationViewController.swift */ = {isa = PBXFileReference; lastKnownFileType = sourcecode.swift; path = AuthorisationViewController.swift; sourceTree = "<group>"; };
		EC5280982BB0495500A59A9D /* MainFlow.swift */ = {isa = PBXFileReference; lastKnownFileType = sourcecode.swift; path = MainFlow.swift; sourceTree = "<group>"; };
		EC52809A2BB04EB700A59A9D /* StartScreenViewModel.swift */ = {isa = PBXFileReference; lastKnownFileType = sourcecode.swift; path = StartScreenViewModel.swift; sourceTree = "<group>"; };
		ECF6D53B2BB01551000AC911 /* Focus_UIKit.app */ = {isa = PBXFileReference; explicitFileType = wrapper.application; includeInIndex = 0; path = Focus_UIKit.app; sourceTree = BUILT_PRODUCTS_DIR; };
		ECF6D53E2BB01551000AC911 /* AppDelegate.swift */ = {isa = PBXFileReference; lastKnownFileType = sourcecode.swift; path = AppDelegate.swift; sourceTree = "<group>"; };
		ECF6D5402BB01551000AC911 /* SceneDelegate.swift */ = {isa = PBXFileReference; lastKnownFileType = sourcecode.swift; path = SceneDelegate.swift; sourceTree = "<group>"; };
		ECF6D5422BB01551000AC911 /* HomeViewController.swift */ = {isa = PBXFileReference; lastKnownFileType = sourcecode.swift; path = HomeViewController.swift; sourceTree = "<group>"; };
		ECF6D5472BB01553000AC911 /* Assets.xcassets */ = {isa = PBXFileReference; lastKnownFileType = folder.assetcatalog; path = Assets.xcassets; sourceTree = "<group>"; };
		ECF6D54A2BB01553000AC911 /* Base */ = {isa = PBXFileReference; lastKnownFileType = file.storyboard; name = Base; path = Base.lproj/LaunchScreen.storyboard; sourceTree = "<group>"; };
		ECF6D54C2BB01553000AC911 /* Info.plist */ = {isa = PBXFileReference; lastKnownFileType = text.plist.xml; path = Info.plist; sourceTree = "<group>"; };
/* End PBXFileReference section */

/* Begin PBXFrameworksBuildPhase section */
		ECF6D5382BB01551000AC911 /* Frameworks */ = {
			isa = PBXFrameworksBuildPhase;
			buildActionMask = 2147483647;
			files = (
				EC52808B2BB0210D00A59A9D /* RxFlow in Frameworks */,
				EC5280862BB01F5400A59A9D /* SnapKit in Frameworks */,
				EC5280882BB01F5400A59A9D /* SnapKit-Dynamic in Frameworks */,
			);
			runOnlyForDeploymentPostprocessing = 0;
		};
/* End PBXFrameworksBuildPhase section */

/* Begin PBXGroup section */
		EC52808C2BB021AF00A59A9D /* PresentationLayer */ = {
			isa = PBXGroup;
			children = (
				EC52808D2BB021C800A59A9D /* AppFlow.swift */,
				ECF6D5402BB01551000AC911 /* SceneDelegate.swift */,
				EC52808F2BB0244100A59A9D /* StartScreenModule */,
				EC5280922BB0457400A59A9D /* AuthorisationFlow */,
				EC5280972BB0494700A59A9D /* MainFlow */,
			);
			path = PresentationLayer;
			sourceTree = "<group>";
		};
		EC52808F2BB0244100A59A9D /* StartScreenModule */ = {
			isa = PBXGroup;
			children = (
				EC5280902BB0246800A59A9D /* StartScreenViewController.swift */,
				EC52809A2BB04EB700A59A9D /* StartScreenViewModel.swift */,
			);
			path = StartScreenModule;
			sourceTree = "<group>";
		};
		EC5280922BB0457400A59A9D /* AuthorisationFlow */ = {
			isa = PBXGroup;
			children = (
				EC5280932BB045A800A59A9D /* AuthorisationFlow.swift */,
				EC5280952BB0468900A59A9D /* AuthorisationViewController.swift */,
			);
			path = AuthorisationFlow;
			sourceTree = "<group>";
		};
		EC5280972BB0494700A59A9D /* MainFlow */ = {
			isa = PBXGroup;
			children = (
				EC5280982BB0495500A59A9D /* MainFlow.swift */,
				ECF6D5422BB01551000AC911 /* HomeViewController.swift */,
			);
			path = MainFlow;
			sourceTree = "<group>";
		};
		ECF6D5322BB01551000AC911 = {
			isa = PBXGroup;
			children = (
				ECF6D53D2BB01551000AC911 /* Focus_UIKit */,
				ECF6D53C2BB01551000AC911 /* Products */,
			);
			sourceTree = "<group>";
		};
		ECF6D53C2BB01551000AC911 /* Products */ = {
			isa = PBXGroup;
			children = (
				ECF6D53B2BB01551000AC911 /* Focus_UIKit.app */,
			);
			name = Products;
			sourceTree = "<group>";
		};
		ECF6D53D2BB01551000AC911 /* Focus_UIKit */ = {
			isa = PBXGroup;
			children = (
				ECF6D53E2BB01551000AC911 /* AppDelegate.swift */,
				EC52808C2BB021AF00A59A9D /* PresentationLayer */,
				ECF6D5472BB01553000AC911 /* Assets.xcassets */,
				ECF6D5492BB01553000AC911 /* LaunchScreen.storyboard */,
				ECF6D54C2BB01553000AC911 /* Info.plist */,
			);
			path = Focus_UIKit;
			sourceTree = "<group>";
		};
/* End PBXGroup section */

/* Begin PBXNativeTarget section */
		ECF6D53A2BB01551000AC911 /* Focus_UIKit */ = {
			isa = PBXNativeTarget;
			buildConfigurationList = ECF6D54F2BB01553000AC911 /* Build configuration list for PBXNativeTarget "Focus_UIKit" */;
			buildPhases = (
				ECF6D5372BB01551000AC911 /* Sources */,
				ECF6D5382BB01551000AC911 /* Frameworks */,
				ECF6D5392BB01551000AC911 /* Resources */,
			);
			buildRules = (
			);
			dependencies = (
			);
			name = Focus_UIKit;
			packageProductDependencies = (
				EC5280852BB01F5400A59A9D /* SnapKit */,
				EC5280872BB01F5400A59A9D /* SnapKit-Dynamic */,
				EC52808A2BB0210D00A59A9D /* RxFlow */,
			);
			productName = Focus_UIKit;
			productReference = ECF6D53B2BB01551000AC911 /* Focus_UIKit.app */;
			productType = "com.apple.product-type.application";
		};
/* End PBXNativeTarget section */

/* Begin PBXProject section */
		ECF6D5332BB01551000AC911 /* Project object */ = {
			isa = PBXProject;
			attributes = {
				BuildIndependentTargetsInParallel = 1;
				LastSwiftUpdateCheck = 1520;
				LastUpgradeCheck = 1520;
				TargetAttributes = {
					ECF6D53A2BB01551000AC911 = {
						CreatedOnToolsVersion = 15.2;
					};
				};
			};
			buildConfigurationList = ECF6D5362BB01551000AC911 /* Build configuration list for PBXProject "Focus_UIKit" */;
			compatibilityVersion = "Xcode 14.0";
			developmentRegion = en;
			hasScannedForEncodings = 0;
			knownRegions = (
				en,
				Base,
			);
			mainGroup = ECF6D5322BB01551000AC911;
			packageReferences = (
				EC5280842BB01F5400A59A9D /* XCRemoteSwiftPackageReference "SnapKit" */,
				EC5280892BB0210D00A59A9D /* XCRemoteSwiftPackageReference "RxFlow" */,
			);
			productRefGroup = ECF6D53C2BB01551000AC911 /* Products */;
			projectDirPath = "";
			projectRoot = "";
			targets = (
				ECF6D53A2BB01551000AC911 /* Focus_UIKit */,
			);
		};
/* End PBXProject section */

/* Begin PBXResourcesBuildPhase section */
		ECF6D5392BB01551000AC911 /* Resources */ = {
			isa = PBXResourcesBuildPhase;
			buildActionMask = 2147483647;
			files = (
				ECF6D54B2BB01553000AC911 /* LaunchScreen.storyboard in Resources */,
				ECF6D5482BB01553000AC911 /* Assets.xcassets in Resources */,
			);
			runOnlyForDeploymentPostprocessing = 0;
		};
/* End PBXResourcesBuildPhase section */

/* Begin PBXSourcesBuildPhase section */
		ECF6D5372BB01551000AC911 /* Sources */ = {
			isa = PBXSourcesBuildPhase;
			buildActionMask = 2147483647;
			files = (
				EC5280942BB045A800A59A9D /* AuthorisationFlow.swift in Sources */,
				ECF6D5432BB01551000AC911 /* HomeViewController.swift in Sources */,
				EC52808E2BB021C800A59A9D /* AppFlow.swift in Sources */,
				EC5280962BB0468900A59A9D /* AuthorisationViewController.swift in Sources */,
				ECF6D53F2BB01551000AC911 /* AppDelegate.swift in Sources */,
				ECF6D5412BB01551000AC911 /* SceneDelegate.swift in Sources */,
				EC5280992BB0495500A59A9D /* MainFlow.swift in Sources */,
				EC5280912BB0246800A59A9D /* StartScreenViewController.swift in Sources */,
				EC52809B2BB04EB700A59A9D /* StartScreenViewModel.swift in Sources */,
			);
			runOnlyForDeploymentPostprocessing = 0;
		};
/* End PBXSourcesBuildPhase section */

/* Begin PBXVariantGroup section */
		ECF6D5492BB01553000AC911 /* LaunchScreen.storyboard */ = {
			isa = PBXVariantGroup;
			children = (
				ECF6D54A2BB01553000AC911 /* Base */,
			);
			name = LaunchScreen.storyboard;
			sourceTree = "<group>";
		};
/* End PBXVariantGroup section */

/* Begin XCBuildConfiguration section */
		ECF6D54D2BB01553000AC911 /* Debug */ = {
			isa = XCBuildConfiguration;
			buildSettings = {
				ALWAYS_SEARCH_USER_PATHS = NO;
				ASSETCATALOG_COMPILER_GENERATE_SWIFT_ASSET_SYMBOL_EXTENSIONS = YES;
				CLANG_ANALYZER_NONNULL = YES;
				CLANG_ANALYZER_NUMBER_OBJECT_CONVERSION = YES_AGGRESSIVE;
				CLANG_CXX_LANGUAGE_STANDARD = "gnu++20";
				CLANG_ENABLE_MODULES = YES;
				CLANG_ENABLE_OBJC_ARC = YES;
				CLANG_ENABLE_OBJC_WEAK = YES;
				CLANG_WARN_BLOCK_CAPTURE_AUTORELEASING = YES;
				CLANG_WARN_BOOL_CONVERSION = YES;
				CLANG_WARN_COMMA = YES;
				CLANG_WARN_CONSTANT_CONVERSION = YES;
				CLANG_WARN_DEPRECATED_OBJC_IMPLEMENTATIONS = YES;
				CLANG_WARN_DIRECT_OBJC_ISA_USAGE = YES_ERROR;
				CLANG_WARN_DOCUMENTATION_COMMENTS = YES;
				CLANG_WARN_EMPTY_BODY = YES;
				CLANG_WARN_ENUM_CONVERSION = YES;
				CLANG_WARN_INFINITE_RECURSION = YES;
				CLANG_WARN_INT_CONVERSION = YES;
				CLANG_WARN_NON_LITERAL_NULL_CONVERSION = YES;
				CLANG_WARN_OBJC_IMPLICIT_RETAIN_SELF = YES;
				CLANG_WARN_OBJC_LITERAL_CONVERSION = YES;
				CLANG_WARN_OBJC_ROOT_CLASS = YES_ERROR;
				CLANG_WARN_QUOTED_INCLUDE_IN_FRAMEWORK_HEADER = YES;
				CLANG_WARN_RANGE_LOOP_ANALYSIS = YES;
				CLANG_WARN_STRICT_PROTOTYPES = YES;
				CLANG_WARN_SUSPICIOUS_MOVE = YES;
				CLANG_WARN_UNGUARDED_AVAILABILITY = YES_AGGRESSIVE;
				CLANG_WARN_UNREACHABLE_CODE = YES;
				CLANG_WARN__DUPLICATE_METHOD_MATCH = YES;
				COPY_PHASE_STRIP = NO;
				DEBUG_INFORMATION_FORMAT = dwarf;
				ENABLE_STRICT_OBJC_MSGSEND = YES;
				ENABLE_TESTABILITY = YES;
				ENABLE_USER_SCRIPT_SANDBOXING = YES;
				GCC_C_LANGUAGE_STANDARD = gnu17;
				GCC_DYNAMIC_NO_PIC = NO;
				GCC_NO_COMMON_BLOCKS = YES;
				GCC_OPTIMIZATION_LEVEL = 0;
				GCC_PREPROCESSOR_DEFINITIONS = (
					"DEBUG=1",
					"$(inherited)",
				);
				GCC_WARN_64_TO_32_BIT_CONVERSION = YES;
				GCC_WARN_ABOUT_RETURN_TYPE = YES_ERROR;
				GCC_WARN_UNDECLARED_SELECTOR = YES;
				GCC_WARN_UNINITIALIZED_AUTOS = YES_AGGRESSIVE;
				GCC_WARN_UNUSED_FUNCTION = YES;
				GCC_WARN_UNUSED_VARIABLE = YES;
				IPHONEOS_DEPLOYMENT_TARGET = 17.2;
				LOCALIZATION_PREFERS_STRING_CATALOGS = YES;
				MTL_ENABLE_DEBUG_INFO = INCLUDE_SOURCE;
				MTL_FAST_MATH = YES;
				ONLY_ACTIVE_ARCH = YES;
				SDKROOT = iphoneos;
				SWIFT_ACTIVE_COMPILATION_CONDITIONS = "DEBUG $(inherited)";
				SWIFT_OPTIMIZATION_LEVEL = "-Onone";
			};
			name = Debug;
		};
		ECF6D54E2BB01553000AC911 /* Release */ = {
			isa = XCBuildConfiguration;
			buildSettings = {
				ALWAYS_SEARCH_USER_PATHS = NO;
				ASSETCATALOG_COMPILER_GENERATE_SWIFT_ASSET_SYMBOL_EXTENSIONS = YES;
				CLANG_ANALYZER_NONNULL = YES;
				CLANG_ANALYZER_NUMBER_OBJECT_CONVERSION = YES_AGGRESSIVE;
				CLANG_CXX_LANGUAGE_STANDARD = "gnu++20";
				CLANG_ENABLE_MODULES = YES;
				CLANG_ENABLE_OBJC_ARC = YES;
				CLANG_ENABLE_OBJC_WEAK = YES;
				CLANG_WARN_BLOCK_CAPTURE_AUTORELEASING = YES;
				CLANG_WARN_BOOL_CONVERSION = YES;
				CLANG_WARN_COMMA = YES;
				CLANG_WARN_CONSTANT_CONVERSION = YES;
				CLANG_WARN_DEPRECATED_OBJC_IMPLEMENTATIONS = YES;
				CLANG_WARN_DIRECT_OBJC_ISA_USAGE = YES_ERROR;
				CLANG_WARN_DOCUMENTATION_COMMENTS = YES;
				CLANG_WARN_EMPTY_BODY = YES;
				CLANG_WARN_ENUM_CONVERSION = YES;
				CLANG_WARN_INFINITE_RECURSION = YES;
				CLANG_WARN_INT_CONVERSION = YES;
				CLANG_WARN_NON_LITERAL_NULL_CONVERSION = YES;
				CLANG_WARN_OBJC_IMPLICIT_RETAIN_SELF = YES;
				CLANG_WARN_OBJC_LITERAL_CONVERSION = YES;
				CLANG_WARN_OBJC_ROOT_CLASS = YES_ERROR;
				CLANG_WARN_QUOTED_INCLUDE_IN_FRAMEWORK_HEADER = YES;
				CLANG_WARN_RANGE_LOOP_ANALYSIS = YES;
				CLANG_WARN_STRICT_PROTOTYPES = YES;
				CLANG_WARN_SUSPICIOUS_MOVE = YES;
				CLANG_WARN_UNGUARDED_AVAILABILITY = YES_AGGRESSIVE;
				CLANG_WARN_UNREACHABLE_CODE = YES;
				CLANG_WARN__DUPLICATE_METHOD_MATCH = YES;
				COPY_PHASE_STRIP = NO;
				DEBUG_INFORMATION_FORMAT = "dwarf-with-dsym";
				ENABLE_NS_ASSERTIONS = NO;
				ENABLE_STRICT_OBJC_MSGSEND = YES;
				ENABLE_USER_SCRIPT_SANDBOXING = YES;
				GCC_C_LANGUAGE_STANDARD = gnu17;
				GCC_NO_COMMON_BLOCKS = YES;
				GCC_WARN_64_TO_32_BIT_CONVERSION = YES;
				GCC_WARN_ABOUT_RETURN_TYPE = YES_ERROR;
				GCC_WARN_UNDECLARED_SELECTOR = YES;
				GCC_WARN_UNINITIALIZED_AUTOS = YES_AGGRESSIVE;
				GCC_WARN_UNUSED_FUNCTION = YES;
				GCC_WARN_UNUSED_VARIABLE = YES;
				IPHONEOS_DEPLOYMENT_TARGET = 17.2;
				LOCALIZATION_PREFERS_STRING_CATALOGS = YES;
				MTL_ENABLE_DEBUG_INFO = NO;
				MTL_FAST_MATH = YES;
				SDKROOT = iphoneos;
				SWIFT_COMPILATION_MODE = wholemodule;
				VALIDATE_PRODUCT = YES;
			};
			name = Release;
		};
		ECF6D5502BB01553000AC911 /* Debug */ = {
			isa = XCBuildConfiguration;
			buildSettings = {
				ASSETCATALOG_COMPILER_APPICON_NAME = AppIcon;
				ASSETCATALOG_COMPILER_GLOBAL_ACCENT_COLOR_NAME = AccentColor;
				CODE_SIGN_STYLE = Manual;
				CURRENT_PROJECT_VERSION = 1;
				DEVELOPMENT_TEAM = "";
				GENERATE_INFOPLIST_FILE = YES;
				INFOPLIST_FILE = Focus_UIKit/Info.plist;
				INFOPLIST_KEY_UIApplicationSupportsIndirectInputEvents = YES;
				INFOPLIST_KEY_UILaunchStoryboardName = LaunchScreen.storyboard;
				INFOPLIST_KEY_UISupportedInterfaceOrientations = UIInterfaceOrientationPortrait;
				INFOPLIST_KEY_UISupportedInterfaceOrientations_iPad = "UIInterfaceOrientationLandscapeLeft UIInterfaceOrientationLandscapeRight UIInterfaceOrientationPortrait UIInterfaceOrientationPortraitUpsideDown";
				LD_RUNPATH_SEARCH_PATHS = (
					"$(inherited)",
					"@executable_path/Frameworks",
				);
				MARKETING_VERSION = 1.0;
				PRODUCT_BUNDLE_IDENTIFIER = "Focus.Focus-UIKit";
				PRODUCT_NAME = "$(TARGET_NAME)";
				PROVISIONING_PROFILE_SPECIFIER = "";
				SWIFT_EMIT_LOC_STRINGS = YES;
				SWIFT_VERSION = 5.0;
				TARGETED_DEVICE_FAMILY = "1,2";
			};
			name = Debug;
		};
		ECF6D5512BB01553000AC911 /* Release */ = {
			isa = XCBuildConfiguration;
			buildSettings = {
				ASSETCATALOG_COMPILER_APPICON_NAME = AppIcon;
				ASSETCATALOG_COMPILER_GLOBAL_ACCENT_COLOR_NAME = AccentColor;
				CODE_SIGN_STYLE = Manual;
				CURRENT_PROJECT_VERSION = 1;
				DEVELOPMENT_TEAM = "";
				GENERATE_INFOPLIST_FILE = YES;
				INFOPLIST_FILE = Focus_UIKit/Info.plist;
				INFOPLIST_KEY_UIApplicationSupportsIndirectInputEvents = YES;
				INFOPLIST_KEY_UILaunchStoryboardName = LaunchScreen.storyboard;
				INFOPLIST_KEY_UISupportedInterfaceOrientations = UIInterfaceOrientationPortrait;
				INFOPLIST_KEY_UISupportedInterfaceOrientations_iPad = "UIInterfaceOrientationLandscapeLeft UIInterfaceOrientationLandscapeRight UIInterfaceOrientationPortrait UIInterfaceOrientationPortraitUpsideDown";
				LD_RUNPATH_SEARCH_PATHS = (
					"$(inherited)",
					"@executable_path/Frameworks",
				);
				MARKETING_VERSION = 1.0;
				PRODUCT_BUNDLE_IDENTIFIER = "Focus.Focus-UIKit";
				PRODUCT_NAME = "$(TARGET_NAME)";
				PROVISIONING_PROFILE_SPECIFIER = "";
				SWIFT_EMIT_LOC_STRINGS = YES;
				SWIFT_VERSION = 5.0;
				TARGETED_DEVICE_FAMILY = "1,2";
			};
			name = Release;
		};
/* End XCBuildConfiguration section */

/* Begin XCConfigurationList section */
		ECF6D5362BB01551000AC911 /* Build configuration list for PBXProject "Focus_UIKit" */ = {
			isa = XCConfigurationList;
			buildConfigurations = (
				ECF6D54D2BB01553000AC911 /* Debug */,
				ECF6D54E2BB01553000AC911 /* Release */,
			);
			defaultConfigurationIsVisible = 0;
			defaultConfigurationName = Release;
		};
		ECF6D54F2BB01553000AC911 /* Build configuration list for PBXNativeTarget "Focus_UIKit" */ = {
			isa = XCConfigurationList;
			buildConfigurations = (
				ECF6D5502BB01553000AC911 /* Debug */,
				ECF6D5512BB01553000AC911 /* Release */,
			);
			defaultConfigurationIsVisible = 0;
			defaultConfigurationName = Release;
		};
/* End XCConfigurationList section */

/* Begin XCRemoteSwiftPackageReference section */
		EC5280842BB01F5400A59A9D /* XCRemoteSwiftPackageReference "SnapKit" */ = {
			isa = XCRemoteSwiftPackageReference;
			repositoryURL = "https://github.com/SnapKit/SnapKit.git";
			requirement = {
				kind = upToNextMajorVersion;
				minimumVersion = 5.7.1;
			};
		};
		EC5280892BB0210D00A59A9D /* XCRemoteSwiftPackageReference "RxFlow" */ = {
			isa = XCRemoteSwiftPackageReference;
			repositoryURL = "https://github.com/RxSwiftCommunity/RxFlow.git";
			requirement = {
				kind = upToNextMajorVersion;
				minimumVersion = 2.13.0;
			};
		};
/* End XCRemoteSwiftPackageReference section */

/* Begin XCSwiftPackageProductDependency section */
		EC5280852BB01F5400A59A9D /* SnapKit */ = {
			isa = XCSwiftPackageProductDependency;
			package = EC5280842BB01F5400A59A9D /* XCRemoteSwiftPackageReference "SnapKit" */;
			productName = SnapKit;
		};
		EC5280872BB01F5400A59A9D /* SnapKit-Dynamic */ = {
			isa = XCSwiftPackageProductDependency;
			package = EC5280842BB01F5400A59A9D /* XCRemoteSwiftPackageReference "SnapKit" */;
			productName = "SnapKit-Dynamic";
		};
		EC52808A2BB0210D00A59A9D /* RxFlow */ = {
			isa = XCSwiftPackageProductDependency;
			package = EC5280892BB0210D00A59A9D /* XCRemoteSwiftPackageReference "RxFlow" */;
			productName = RxFlow;
		};
/* End XCSwiftPackageProductDependency section */
	};
	rootObject = ECF6D5332BB01551000AC911 /* Project object */;
}
